
Microsoft Visual Studio Solution File, Format Version 12.00
# Visual Studio Version 17
VisualStudioVersion = 17.1.32210.238
MinimumVisualStudioVersion = 10.0.40219.1
Project("{FAE04EC0-301F-11D3-BF4B-00C04F79EFBC}") = "Rock Paper Scissors", "Rock Paper Scissors\Rock Paper Scissors.csproj", "{69737DB0-7E8E-4E51-AA21-58E2AE35B7D8}"
EndProject
Global
	GlobalSection(SolutionConfigurationPlatforms) = preSolution
		Debug|Any CPU = Debug|Any CPU
		Release|Any CPU = Release|Any CPU
	EndGlobalSection
	GlobalSection(ProjectConfigurationPlatforms) = postSolution
		{69737DB0-7E8E-4E51-AA21-58E2AE35B7D8}.Debug|Any CPU.ActiveCfg = Debug|Any CPU
		{69737DB0-7E8E-4E51-AA21-58E2AE35B7D8}.Debug|Any CPU.Build.0 = Debug|Any CPU
		{69737DB0-7E8E-4E51-AA21-58E2AE35B7D8}.Release|Any CPU.ActiveCfg = Release|Any CPU
		{69737DB0-7E8E-4E51-AA21-58E2AE35B7D8}.Release|Any CPU.Build.0 = Release|Any CPU
	EndGlobalSection
	GlobalSection(SolutionProperties) = preSolution
		HideSolutionNode = FALSE
	EndGlobalSection
	GlobalSection(ExtensibilityGlobals) = postSolution
		SolutionGuid = {73B89334-525D-4D9E-B2AE-012AB7F9FD81}
	EndGlobalSection
EndGlobal
